<?xml version="1.0" encoding="utf-8"?>
<Project ToolsVersion="4.0" xmlns="http://schemas.microsoft.com/developer/msbuild/2003">
  <ItemGroup>
    <Filter Include="헤더 파일">
      <UniqueIdentifier>{93995380-89BD-4b04-88EB-625FBE52EBFB}</UniqueIdentifier>
      <Extensions>h;hh;hpp;hxx;h++;hm;inl;inc;ipp;xsd</Extensions>
    </Filter>
    <Filter Include="리소스 파일">
      <UniqueIdentifier>{67DA6AB6-F800-4c08-8B7A-83BB121AAD01}</UniqueIdentifier>
      <Extensions>rc;ico;cur;bmp;dlg;rc2;rct;bin;rgs;gif;jpg;jpeg;jpe;resx;tiff;tif;png;wav;mfcribbon-ms</Extensions>
    </Filter>
    <Filter Include="소스 파일">
      <UniqueIdentifier>{a909a203-7253-48b2-90d7-45a3895cc574}</UniqueIdentifier>
    </Filter>
  </ItemGroup>
  <ItemGroup>
    <ClCompile Include="BasicObstacle.cpp">
      <Filter>소스 파일</Filter>
    </ClCompile>
    <ClCompile Include="Floor.cpp">
      <Filter>소스 파일</Filter>
    </ClCompile>
    <ClCompile Include="main.cpp">
      <Filter>소스 파일</Filter>
    </ClCompile>
    <ClCompile Include="Matrix.cpp">
      <Filter>소스 파일</Filter>
    </ClCompile>
    <ClCompile Include="OBJLoader.cpp">
      <Filter>소스 파일</Filter>
    </ClCompile>
    <ClCompile Include="Pyramid.cpp">
      <Filter>소스 파일</Filter>
    </ClCompile>
    <ClCompile Include="PyramidWall.cpp">
      <Filter>소스 파일</Filter>
    </ClCompile>
    <ClCompile Include="Shader.cpp">
      <Filter>소스 파일</Filter>
    </ClCompile>
    <ClCompile Include="ShapeBuffer.cpp">
      <Filter>소스 파일</Filter>
    </ClCompile>
    <ClCompile Include="Stick.cpp">
      <Filter>소스 파일</Filter>
    </ClCompile>
    <ClCompile Include="Game_Manager.cpp">
      <Filter>소스 파일</Filter>
    </ClCompile>
    <ClCompile Include="boat.cpp">
      <Filter>소스 파일</Filter>
    </ClCompile>
    <ClCompile Include="globals.cpp">
      <Filter>소스 파일</Filter>
    </ClCompile>
    <ClCompile Include="graphics.cpp">
      <Filter>소스 파일</Filter>
    </ClCompile>
    <ClCompile Include="BoatSystem.cpp">
      <Filter>소스 파일</Filter>
    </ClCompile>
    <ClCompile Include="Skybox.cpp">
      <Filter>소스 파일</Filter>
    </ClCompile>
    <ClCompile Include="MoveWall.cpp">
      <Filter>소스 파일</Filter>
    </ClCompile>
    <ClCompile Include="Trap.cpp">
      <Filter>소스 파일</Filter>
    </ClCompile>
  </ItemGroup>
  <ItemGroup>
    <ClInclude Include="BasicObstacle.h">
      <Filter>헤더 파일</Filter>
    </ClInclude>
    <ClInclude Include="Floor.h">
      <Filter>헤더 파일</Filter>
    </ClInclude>
    <ClInclude Include="Matrix.h">
      <Filter>헤더 파일</Filter>
    </ClInclude>
    <ClInclude Include="Game_Manager.h">
      <Filter>헤더 파일</Filter>
    </ClInclude>
    <ClInclude Include="OBJLoader.h">
      <Filter>헤더 파일</Filter>
    </ClInclude>
    <ClInclude Include="Pyramid.h">
      <Filter>헤더 파일</Filter>
    </ClInclude>
    <ClInclude Include="PyramidWall.h">
      <Filter>헤더 파일</Filter>
    </ClInclude>
    <ClInclude Include="Shader.h">
      <Filter>헤더 파일</Filter>
    </ClInclude>
    <ClInclude Include="ShapeBuffer.h">
      <Filter>헤더 파일</Filter>
    </ClInclude>
    <ClInclude Include="Stick.h">
      <Filter>헤더 파일</Filter>
    </ClInclude>
    <ClInclude Include="stb_image.h">
      <Filter>헤더 파일</Filter>
    </ClInclude>
    <ClInclude Include="boat.h">
      <Filter>헤더 파일</Filter>
    </ClInclude>
    <ClInclude Include="globals.h">
      <Filter>헤더 파일</Filter>
    </ClInclude>
    <ClInclude Include="graphics.h">
      <Filter>헤더 파일</Filter>
    </ClInclude>
    <ClInclude Include="BoatSystem.h">
      <Filter>헤더 파일</Filter>
    </ClInclude>
    <ClInclude Include="Skybox.h">
      <Filter>헤더 파일</Filter>
    </ClInclude>
    <ClInclude Include="MoveWall.h">
      <Filter>헤더 파일</Filter>
    </ClInclude>
    <ClInclude Include="Trap.h">
      <Filter>헤더 파일</Filter>
    </ClInclude>
  </ItemGroup>
  <ItemGroup>
    <None Include="fragment_boat.glsl">
      <Filter>리소스 파일</Filter>
    </None>
    <None Include="sky_fragment.glsl">
      <Filter>리소스 파일</Filter>
    </None>
    <None Include="sky_vertex.glsl">
      <Filter>리소스 파일</Filter>
    </None>
    <None Include="vertex_boat.glsl">
      <Filter>리소스 파일</Filter>
    </None>
    <None Include="fragment.glsl">
      <Filter>리소스 파일</Filter>
    </None>
    <None Include="texture_fragment.glsl">
      <Filter>리소스 파일</Filter>
    </None>
    <None Include="texture_vertex.glsl">
      <Filter>리소스 파일</Filter>
    </None>
    <None Include="vertex.glsl">
      <Filter>리소스 파일</Filter>
    </None>
  </ItemGroup>
</Project>